
Microsoft Visual Studio Solution File, Format Version 12.00
# Visual Studio 14
VisualStudioVersion = 14.0.25420.1
MinimumVisualStudioVersion = 10.0.40219.1
Project("{2150E333-8FDC-42A3-9474-1A3956D46DE8}") = "0_Presentation", "0_Presentation", "{CF5576F4-7156-43DB-8A50-17B2CE1A2128}"
EndProject
Project("{2150E333-8FDC-42A3-9474-1A3956D46DE8}") = "1_Services", "1_Services", "{0B0396B6-A09D-4646-A4E9-B707DFD28ECF}"
EndProject
Project("{2150E333-8FDC-42A3-9474-1A3956D46DE8}") = "2_Application", "2_Application", "{6B56DD3D-A9B5-4787-9FA5-638010AEA961}"
EndProject
Project("{2150E333-8FDC-42A3-9474-1A3956D46DE8}") = "3_Domain", "3_Domain", "{91C35BC0-C827-4D62-BB86-0EE35E6335CF}"
EndProject
Project("{2150E333-8FDC-42A3-9474-1A3956D46DE8}") = "4_Infra", "4_Infra", "{FE8B8006-A040-4975-BCC1-8A76DC3D2F17}"
EndProject
Project("{2150E333-8FDC-42A3-9474-1A3956D46DE8}") = "4.1_Data", "4.1_Data", "{3F3B4902-7684-4547-B9E4-32BBD23FD4FF}"
EndProject
Project("{2150E333-8FDC-42A3-9474-1A3956D46DE8}") = "4.2_CrossCutting", "4.2_CrossCutting", "{D10DB544-DAF5-4D4B-AACF-74A1E337DD4C}"
EndProject
Project("{FAE04EC0-301F-11D3-BF4B-00C04F79EFBC}") = "P1DotNetVF.PresentationMVC", "P1DotNetVF.VisaoMVC\P1DotNetVF.PresentationMVC.csproj", "{2D13551E-A524-41DF-868F-7CD46940D963}"
EndProject
Project("{FAE04EC0-301F-11D3-BF4B-00C04F79EFBC}") = "P1DotNetVF.Domain", "P1DotNetVF.Domain\P1DotNetVF.Domain.csproj", "{DDC05FE1-59BF-4EEF-A050-C7DEA41D8D38}"
EndProject
Project("{FAE04EC0-301F-11D3-BF4B-00C04F79EFBC}") = "P1DotNetVF.Infra.Data", "P1DotNetVF.Infra.Data\P1DotNetVF.Infra.Data.csproj", "{96FBA101-94CB-4440-BDFB-CB9A70FFC625}"
EndProject
Project("{FAE04EC0-301F-11D3-BF4B-00C04F79EFBC}") = "P1DotNetVF.Application", "P1DotNetVF.Application\P1DotNetVF.Application.csproj", "{D5073B0A-B2F9-446A-BB3C-CDD00E8AD815}"
EndProject
Global
	GlobalSection(SolutionConfigurationPlatforms) = preSolution
		Debug|Any CPU = Debug|Any CPU
		Release|Any CPU = Release|Any CPU
	EndGlobalSection
	GlobalSection(ProjectConfigurationPlatforms) = postSolution
		{2D13551E-A524-41DF-868F-7CD46940D963}.Debug|Any CPU.ActiveCfg = Debug|Any CPU
		{2D13551E-A524-41DF-868F-7CD46940D963}.Debug|Any CPU.Build.0 = Debug|Any CPU
		{2D13551E-A524-41DF-868F-7CD46940D963}.Release|Any CPU.ActiveCfg = Release|Any CPU
		{2D13551E-A524-41DF-868F-7CD46940D963}.Release|Any CPU.Build.0 = Release|Any CPU
		{DDC05FE1-59BF-4EEF-A050-C7DEA41D8D38}.Debug|Any CPU.ActiveCfg = Debug|Any CPU
		{DDC05FE1-59BF-4EEF-A050-C7DEA41D8D38}.Debug|Any CPU.Build.0 = Debug|Any CPU
		{DDC05FE1-59BF-4EEF-A050-C7DEA41D8D38}.Release|Any CPU.ActiveCfg = Release|Any CPU
		{DDC05FE1-59BF-4EEF-A050-C7DEA41D8D38}.Release|Any CPU.Build.0 = Release|Any CPU
		{96FBA101-94CB-4440-BDFB-CB9A70FFC625}.Debug|Any CPU.ActiveCfg = Debug|Any CPU
		{96FBA101-94CB-4440-BDFB-CB9A70FFC625}.Debug|Any CPU.Build.0 = Debug|Any CPU
		{96FBA101-94CB-4440-BDFB-CB9A70FFC625}.Release|Any CPU.ActiveCfg = Release|Any CPU
		{96FBA101-94CB-4440-BDFB-CB9A70FFC625}.Release|Any CPU.Build.0 = Release|Any CPU
		{D5073B0A-B2F9-446A-BB3C-CDD00E8AD815}.Debug|Any CPU.ActiveCfg = Debug|Any CPU
		{D5073B0A-B2F9-446A-BB3C-CDD00E8AD815}.Debug|Any CPU.Build.0 = Debug|Any CPU
		{D5073B0A-B2F9-446A-BB3C-CDD00E8AD815}.Release|Any CPU.ActiveCfg = Release|Any CPU
		{D5073B0A-B2F9-446A-BB3C-CDD00E8AD815}.Release|Any CPU.Build.0 = Release|Any CPU
	EndGlobalSection
	GlobalSection(SolutionProperties) = preSolution
		HideSolutionNode = FALSE
	EndGlobalSection
	GlobalSection(NestedProjects) = preSolution
		{3F3B4902-7684-4547-B9E4-32BBD23FD4FF} = {FE8B8006-A040-4975-BCC1-8A76DC3D2F17}
		{D10DB544-DAF5-4D4B-AACF-74A1E337DD4C} = {FE8B8006-A040-4975-BCC1-8A76DC3D2F17}
		{2D13551E-A524-41DF-868F-7CD46940D963} = {CF5576F4-7156-43DB-8A50-17B2CE1A2128}
		{DDC05FE1-59BF-4EEF-A050-C7DEA41D8D38} = {91C35BC0-C827-4D62-BB86-0EE35E6335CF}
		{96FBA101-94CB-4440-BDFB-CB9A70FFC625} = {3F3B4902-7684-4547-B9E4-32BBD23FD4FF}
		{D5073B0A-B2F9-446A-BB3C-CDD00E8AD815} = {6B56DD3D-A9B5-4787-9FA5-638010AEA961}
	EndGlobalSection
EndGlobal
